<?xml version="1.0" encoding="utf-8"?>
<Project ToolsVersion="4.0" xmlns="http://schemas.microsoft.com/developer/msbuild/2003">
  <ItemGroup>
    <Filter Include="Source Files">
      <UniqueIdentifier>{4FC737F1-C7A5-4376-A066-2A32D752A2FF}</UniqueIdentifier>
      <Extensions>cpp;c;cc;cxx;def;odl;idl;hpj;bat;asm;asmx</Extensions>
    </Filter>
    <Filter Include="Header Files">
      <UniqueIdentifier>{93995380-89BD-4b04-88EB-625FBE52EBFB}</UniqueIdentifier>
      <Extensions>h;hpp;hxx;hm;inl;inc;xsd</Extensions>
    </Filter>
    <Filter Include="Resource Files">
      <UniqueIdentifier>{67DA6AB6-F800-4c08-8B7A-83BB121AAD01}</UniqueIdentifier>
      <Extensions>rc;ico;cur;bmp;dlg;rc2;rct;bin;rgs;gif;jpg;jpeg;jpe;resx;tiff;tif;png;wav</Extensions>
    </Filter>
  </ItemGroup>
  <ItemGroup>
    <ClCompile Include="ACoreDLLAdapter.cpp">
      <Filter>Source Files</Filter>
    </ClCompile>
    <ClCompile Include="ACoreHandlerThread.cpp">
      <Filter>Source Files</Filter>
    </ClCompile>
    <ClCompile Include="ACoreSimulator.cpp">
      <Filter>Source Files</Filter>
    </ClCompile>
    <ClCompile Include="Constants.cpp">
      <Filter>Source Files</Filter>
    </ClCompile>
    <ClCompile Include="GUIMessageReceiverThread.cpp">
      <Filter>Source Files</Filter>
    </ClCompile>
    <ClCompile Include="MonitorQueue.cpp">
      <Filter>Source Files</Filter>
    </ClCompile>
    <ClCompile Include="SimpleACoreDataServer.cpp">
      <Filter>Source Files</Filter>
    </ClCompile>
    <ClCompile Include="SimpleCore.cpp">
      <Filter>Source Files</Filter>
    </ClCompile>
    <ClCompile Include="WatchdogThread.cpp">
      <Filter>Source Files</Filter>
    </ClCompile>
    <ClCompile Include="WorkerThread.cpp">
      <Filter>Source Files</Filter>
    </ClCompile>
    <ClCompile Include="GUIMessageSenderThread.cpp">
      <Filter>Header Files</Filter>
    </ClCompile>
  </ItemGroup>
  <ItemGroup>
    <ClInclude Include="SettingsMessage.h">
      <Filter>Source Files</Filter>
    </ClInclude>
    <ClInclude Include="ACoreDLLAdapter.h">
      <Filter>Header Files</Filter>
    </ClInclude>
    <ClInclude Include="ACoreHandlerThread.h">
      <Filter>Header Files</Filter>
    </ClInclude>
    <ClInclude Include="ACoreReceiver.h">
      <Filter>Header Files</Filter>
    </ClInclude>
    <ClInclude Include="ACoreSimulator.h">
      <Filter>Header Files</Filter>
    </ClInclude>
    <ClInclude Include="GUIReceiver.h">
      <Filter>Header Files</Filter>
    </ClInclude>
    <ClInclude Include="NumericsMessage.h">
      <Filter>Header Files</Filter>
    </ClInclude>
    <ClInclude Include="SimpleACoreDataServer.h">
      <Filter>Header Files</Filter>
    </ClInclude>
    <ClInclude Include="VCB_Enums.h">
      <Filter>Header Files</Filter>
    </ClInclude>
    <ClInclude Include="VcbTestInterfaceDll.h">
      <Filter>Header Files</Filter>
    </ClInclude>
    <ClInclude Include="VentilationParameters.h">
      <Filter>Header Files</Filter>
    </ClInclude>
    <ClInclude Include="VentilatorWaveforms.h">
      <Filter>Header Files</Filter>
    </ClInclude>
    <ClInclude Include="VentUserSettings.h">
      <Filter>Header Files</Filter>
    </ClInclude>
    <ClInclude Include="WaveformReceiver.h">
      <Filter>Header Files</Filter>
    </ClInclude>
    <ClInclude Include="WaveformsMessage.h">
      <Filter>Header Files</Filter>
    </ClInclude>
  </ItemGroup>
  <ItemGroup>
    <None Include="..\Debug\VcbTestInterfaceDll.dll">
      <Filter>Resource Files</Filter>
    </None>
    <None Include="ReadMe.txt" />
  </ItemGroup>
</Project>