
Microsoft Visual Studio Solution File, Format Version 11.00
# Visual Studio 2010
Project("{8BC9CEB8-8B4A-11D0-8D11-00A0C91BC942}") = "Thread_boost01", "thread_boost01.vcxproj", "{A290AC4E-85B7-4C05-B326-91F2F245891C}"
EndProject
Global
	GlobalSection(SolutionConfigurationPlatforms) = preSolution
		Debug|Win32 = Debug|Win32
		Release|Win32 = Release|Win32
	EndGlobalSection
	GlobalSection(ProjectConfigurationPlatforms) = postSolution
		{A290AC4E-85B7-4C05-B326-91F2F245891C}.Debug|Win32.ActiveCfg = Debug|Win32
		{A290AC4E-85B7-4C05-B326-91F2F245891C}.Debug|Win32.Build.0 = Debug|Win32
		{A290AC4E-85B7-4C05-B326-91F2F245891C}.Release|Win32.ActiveCfg = Release|Win32
		{A290AC4E-85B7-4C05-B326-91F2F245891C}.Release|Win32.Build.0 = Release|Win32
	EndGlobalSection
	GlobalSection(SolutionProperties) = preSolution
		HideSolutionNode = FALSE
	EndGlobalSection
EndGlobal
