
Microsoft Visual Studio Solution File, Format Version 11.00
# Visual Studio 2010
Project("{8BC9CEB8-8B4A-11D0-8D11-00A0C91BC942}") = "pattern_observer04_vs", "pattern_observer04_vs.vcxproj", "{1BE7C1B0-D037-4335-9FD5-67032AC52B69}"
EndProject
Global
	GlobalSection(SolutionConfigurationPlatforms) = preSolution
		Debug|Win32 = Debug|Win32
		Release|Win32 = Release|Win32
	EndGlobalSection
	GlobalSection(ProjectConfigurationPlatforms) = postSolution
		{1BE7C1B0-D037-4335-9FD5-67032AC52B69}.Debug|Win32.ActiveCfg = Debug|Win32
		{1BE7C1B0-D037-4335-9FD5-67032AC52B69}.Debug|Win32.Build.0 = Debug|Win32
		{1BE7C1B0-D037-4335-9FD5-67032AC52B69}.Release|Win32.ActiveCfg = Release|Win32
		{1BE7C1B0-D037-4335-9FD5-67032AC52B69}.Release|Win32.Build.0 = Release|Win32
	EndGlobalSection
	GlobalSection(SolutionProperties) = preSolution
		HideSolutionNode = FALSE
	EndGlobalSection
EndGlobal
