
Microsoft Visual Studio Solution File, Format Version 11.00
# Visual Studio 2010
Project("{8BC9CEB8-8B4A-11D0-8D11-00A0C91BC942}") = "edu_phone_book", "edu_phone_book.vcxproj", "{2EB045FC-CB51-474F-8416-8655D5A5CBAB}"
EndProject
Global
	GlobalSection(SolutionConfigurationPlatforms) = preSolution
		Debug|Win32 = Debug|Win32
		Release|Win32 = Release|Win32
	EndGlobalSection
	GlobalSection(ProjectConfigurationPlatforms) = postSolution
		{2EB045FC-CB51-474F-8416-8655D5A5CBAB}.Debug|Win32.ActiveCfg = Debug|Win32
		{2EB045FC-CB51-474F-8416-8655D5A5CBAB}.Debug|Win32.Build.0 = Debug|Win32
		{2EB045FC-CB51-474F-8416-8655D5A5CBAB}.Release|Win32.ActiveCfg = Release|Win32
		{2EB045FC-CB51-474F-8416-8655D5A5CBAB}.Release|Win32.Build.0 = Release|Win32
	EndGlobalSection
	GlobalSection(SolutionProperties) = preSolution
		HideSolutionNode = FALSE
	EndGlobalSection
EndGlobal
