
Microsoft Visual Studio Solution File, Format Version 11.00
# Visual Studio 2010
Project("{8BC9CEB8-8B4A-11D0-8D11-00A0C91BC942}") = "edu_eratosphen", "edu_eratosphen.vcxproj", "{097479AB-154C-4F1F-BFE3-06374A113D3E}"
EndProject
Global
	GlobalSection(SolutionConfigurationPlatforms) = preSolution
		Debug|Win32 = Debug|Win32
		Release|Win32 = Release|Win32
	EndGlobalSection
	GlobalSection(ProjectConfigurationPlatforms) = postSolution
		{097479AB-154C-4F1F-BFE3-06374A113D3E}.Debug|Win32.ActiveCfg = Debug|Win32
		{097479AB-154C-4F1F-BFE3-06374A113D3E}.Debug|Win32.Build.0 = Debug|Win32
		{097479AB-154C-4F1F-BFE3-06374A113D3E}.Release|Win32.ActiveCfg = Release|Win32
		{097479AB-154C-4F1F-BFE3-06374A113D3E}.Release|Win32.Build.0 = Release|Win32
	EndGlobalSection
	GlobalSection(SolutionProperties) = preSolution
		HideSolutionNode = FALSE
	EndGlobalSection
EndGlobal
