
Microsoft Visual Studio Solution File, Format Version 11.00
# Visual Studio 2010
Project("{8BC9CEB8-8B4A-11D0-8D11-00A0C91BC942}") = "tdd_14_clion_gtest_vs", "tdd_14_clion_gtest_vs.vcxproj", "{D3FE2846-D81E-4A2E-A501-455C30FCF38A}"
EndProject
Global
	GlobalSection(SolutionConfigurationPlatforms) = preSolution
		Debug|Win32 = Debug|Win32
		Release|Win32 = Release|Win32
	EndGlobalSection
	GlobalSection(ProjectConfigurationPlatforms) = postSolution
		{D3FE2846-D81E-4A2E-A501-455C30FCF38A}.Debug|Win32.ActiveCfg = Debug|Win32
		{D3FE2846-D81E-4A2E-A501-455C30FCF38A}.Debug|Win32.Build.0 = Debug|Win32
		{D3FE2846-D81E-4A2E-A501-455C30FCF38A}.Release|Win32.ActiveCfg = Release|Win32
		{D3FE2846-D81E-4A2E-A501-455C30FCF38A}.Release|Win32.Build.0 = Release|Win32
	EndGlobalSection
	GlobalSection(SolutionProperties) = preSolution
		HideSolutionNode = FALSE
	EndGlobalSection
EndGlobal
