
Microsoft Visual Studio Solution File, Format Version 11.00
# Visual Studio 2010
Project("{8BC9CEB8-8B4A-11D0-8D11-00A0C91BC942}") = "doom_edu_vs", "doom_edu_vs.vcxproj", "{A45B3D82-1BAE-40ED-B9E3-BCD93A571276}"
EndProject
Global
	GlobalSection(SolutionConfigurationPlatforms) = preSolution
		Debug|Win32 = Debug|Win32
		Release|Win32 = Release|Win32
	EndGlobalSection
	GlobalSection(ProjectConfigurationPlatforms) = postSolution
		{A45B3D82-1BAE-40ED-B9E3-BCD93A571276}.Debug|Win32.ActiveCfg = Debug|Win32
		{A45B3D82-1BAE-40ED-B9E3-BCD93A571276}.Debug|Win32.Build.0 = Debug|Win32
		{A45B3D82-1BAE-40ED-B9E3-BCD93A571276}.Release|Win32.ActiveCfg = Release|Win32
		{A45B3D82-1BAE-40ED-B9E3-BCD93A571276}.Release|Win32.Build.0 = Release|Win32
	EndGlobalSection
	GlobalSection(SolutionProperties) = preSolution
		HideSolutionNode = FALSE
	EndGlobalSection
EndGlobal
