
Microsoft Visual Studio Solution File, Format Version 11.00
# Visual Studio 2010
Project("{8BC9CEB8-8B4A-11D0-8D11-00A0C91BC942}") = "edu_virtual_classes", "edu_virtual_classes.vcxproj", "{EF2EEF14-B9A3-4BB3-98C1-D68D0FCAEFBE}"
EndProject
Global
	GlobalSection(SolutionConfigurationPlatforms) = preSolution
		Debug|Win32 = Debug|Win32
		Release|Win32 = Release|Win32
	EndGlobalSection
	GlobalSection(ProjectConfigurationPlatforms) = postSolution
		{EF2EEF14-B9A3-4BB3-98C1-D68D0FCAEFBE}.Debug|Win32.ActiveCfg = Debug|Win32
		{EF2EEF14-B9A3-4BB3-98C1-D68D0FCAEFBE}.Debug|Win32.Build.0 = Debug|Win32
		{EF2EEF14-B9A3-4BB3-98C1-D68D0FCAEFBE}.Release|Win32.ActiveCfg = Release|Win32
		{EF2EEF14-B9A3-4BB3-98C1-D68D0FCAEFBE}.Release|Win32.Build.0 = Release|Win32
	EndGlobalSection
	GlobalSection(SolutionProperties) = preSolution
		HideSolutionNode = FALSE
	EndGlobalSection
EndGlobal
