
Microsoft Visual Studio Solution File, Format Version 11.00
# Visual Studio 2010
Project("{8BC9CEB8-8B4A-11D0-8D11-00A0C91BC942}") = "pattern_strategy_dragon_vs", "pattern_strategy_dragon_vs.vcxproj", "{841A018D-B0D7-4CC2-923F-AB9EF49398E3}"
EndProject
Global
	GlobalSection(SolutionConfigurationPlatforms) = preSolution
		Debug|Win32 = Debug|Win32
		Release|Win32 = Release|Win32
	EndGlobalSection
	GlobalSection(ProjectConfigurationPlatforms) = postSolution
		{841A018D-B0D7-4CC2-923F-AB9EF49398E3}.Debug|Win32.ActiveCfg = Debug|Win32
		{841A018D-B0D7-4CC2-923F-AB9EF49398E3}.Debug|Win32.Build.0 = Debug|Win32
		{841A018D-B0D7-4CC2-923F-AB9EF49398E3}.Release|Win32.ActiveCfg = Release|Win32
		{841A018D-B0D7-4CC2-923F-AB9EF49398E3}.Release|Win32.Build.0 = Release|Win32
	EndGlobalSection
	GlobalSection(SolutionProperties) = preSolution
		HideSolutionNode = FALSE
	EndGlobalSection
EndGlobal
